# THIS IS AN AUTOGENERATED FILE. DO NOT EDIT THIS FILE DIRECTLY.
# yarn lockfile v1


"@babel/runtime@^7.3.1", "@babel/runtime@^7.4.4", "@babel/runtime@^7.5.5", "@babel/runtime@^7.7.6", "@babel/runtime@^7.8.3", "@babel/runtime@^7.8.7":
  version "7.17.9"
  resolved "https://registry.yarnpkg.com/@babel/runtime/-/runtime-7.17.9.tgz#d19fbf802d01a8cb6cf053a64e472d42c434ba72"
  integrity sha512-lSiBBvodq29uShpWGNbgFdKYNiFDo5/HIYsaCEY9ff4sb10x9jizo2+pRrSyF4jKZCXqgzuqBOQKbUm90gQwJg==
  dependencies:
    regenerator-runtime "^0.13.4"

"@babel/runtime@^7.6.3", "@babel/runtime@^7.9.2":
  version "7.16.0"
  resolved "https://registry.yarnpkg.com/@babel/runtime/-/runtime-7.16.0.tgz#e27b977f2e2088ba24748bf99b5e1dece64e4f0b"
  integrity sha512-Nht8L0O8YCktmsDV6FqFue7vQLRx3Hb0B37lS5y0jDRqRxlBG4wIJHnf9/bgSE2UyipKFA01YtS+npRdTWBUyw==
  dependencies:
    regenerator-runtime "^0.13.4"

"@emotion/hash@^0.8.0":
  version "0.8.0"
  resolved "https://registry.yarnpkg.com/@emotion/hash/-/hash-0.8.0.tgz#bbbff68978fefdbe68ccb533bc8cbe1d1afb5413"
  integrity sha512-kBJtf7PH6aWwZ6fka3zQ0p6SBYzx4fl1LoZXE2RrnYST9Xljm7WfKJrU4g/Xr3Beg72MLrp1AWNUmuYJTL7Cow==

"@material-ui/core@^4.12.4":
  version "4.12.4"
  resolved "https://registry.yarnpkg.com/@material-ui/core/-/core-4.12.4.tgz#4ac17488e8fcaf55eb6a7f5efb2a131e10138a73"
  integrity sha512-tr7xekNlM9LjA6pagJmL8QCgZXaubWUwkJnoYcMKd4gw/t4XiyvnTkjdGrUVicyB2BsdaAv1tvow45bPM4sSwQ==
  dependencies:
    "@babel/runtime" "^7.4.4"
    "@material-ui/styles" "^4.11.5"
    "@material-ui/system" "^4.12.2"
    "@material-ui/types" "5.1.0"
    "@material-ui/utils" "^4.11.3"
    "@types/react-transition-group" "^4.2.0"
    clsx "^1.0.4"
    hoist-non-react-statics "^3.3.2"
    popper.js "1.16.1-lts"
    prop-types "^15.7.2"
    react-is "^16.8.0 || ^17.0.0"
    react-transition-group "^4.4.0"

"@material-ui/icons@^4.11.3":
  version "4.11.3"
  resolved "https://registry.yarnpkg.com/@material-ui/icons/-/icons-4.11.3.tgz#b0693709f9b161ce9ccde276a770d968484ecff1"
  integrity sha512-IKHlyx6LDh8n19vzwH5RtHIOHl9Tu90aAAxcbWME6kp4dmvODM3UvOHJeMIDzUbd4muuJKHmlNoBN+mDY4XkBA==
  dependencies:
    "@babel/runtime" "^7.4.4"

"@material-ui/styles@^4.11.5":
  version "4.11.5"
  resolved "https://registry.yarnpkg.com/@material-ui/styles/-/styles-4.11.5.tgz#19f84457df3aafd956ac863dbe156b1d88e2bbfb"
  integrity sha512-o/41ot5JJiUsIETME9wVLAJrmIWL3j0R0Bj2kCOLbSfqEkKf0fmaPt+5vtblUh5eXr2S+J/8J3DaCb10+CzPGA==
  dependencies:
    "@babel/runtime" "^7.4.4"
    "@emotion/hash" "^0.8.0"
    "@material-ui/types" "5.1.0"
    "@material-ui/utils" "^4.11.3"
    clsx "^1.0.4"
    csstype "^2.5.2"
    hoist-non-react-statics "^3.3.2"
    jss "^10.5.1"
    jss-plugin-camel-case "^10.5.1"
    jss-plugin-default-unit "^10.5.1"
    jss-plugin-global "^10.5.1"
    jss-plugin-nested "^10.5.1"
    jss-plugin-props-sort "^10.5.1"
    jss-plugin-rule-value-function "^10.5.1"
    jss-plugin-vendor-prefixer "^10.5.1"
    prop-types "^15.7.2"

"@material-ui/system@^4.12.2":
  version "4.12.2"
  resolved "https://registry.yarnpkg.com/@material-ui/system/-/system-4.12.2.tgz#f5c389adf3fce4146edd489bf4082d461d86aa8b"
  integrity sha512-6CSKu2MtmiJgcCGf6nBQpM8fLkuB9F55EKfbdTC80NND5wpTmKzwdhLYLH3zL4cLlK0gVaaltW7/wMuyTnN0Lw==
  dependencies:
    "@babel/runtime" "^7.4.4"
    "@material-ui/utils" "^4.11.3"
    csstype "^2.5.2"
    prop-types "^15.7.2"

"@material-ui/types@5.1.0":
  version "5.1.0"
  resolved "https://registry.yarnpkg.com/@material-ui/types/-/types-5.1.0.tgz#efa1c7a0b0eaa4c7c87ac0390445f0f88b0d88f2"
  integrity sha512-7cqRjrY50b8QzRSYyhSpx4WRw2YuO0KKIGQEVk5J8uoz2BanawykgZGoWEqKm7pVIbzFDN0SpPcVV4IhOFkl8A==

"@material-ui/utils@^4.11.3":
  version "4.11.3"
  resolved "https://registry.yarnpkg.com/@material-ui/utils/-/utils-4.11.3.tgz#232bd86c4ea81dab714f21edad70b7fdf0253942"
  integrity sha512-ZuQPV4rBK/V1j2dIkSSEcH5uT6AaHuKWFfotADHsC0wVL1NLd2WkFCm4ZZbX33iO4ydl6V0GPngKm8HZQ2oujg==
  dependencies:
    "@babel/runtime" "^7.4.4"
    prop-types "^15.7.2"
    react-is "^16.8.0 || ^17.0.0"

"@playwright/test@^1.16.3":
  version "1.22.2"
  resolved "https://registry.yarnpkg.com/@playwright/test/-/test-1.22.2.tgz#b848f25f8918140c2d0bae8e9227a40198f2dd4a"
  integrity sha512-cCl96BEBGPtptFz7C2FOSN3PrTnJ3rPpENe+gYCMx4GNNDlN4tmo2D89y13feGKTMMAIVrXfSQ/UmaQKLy1XLA==
  dependencies:
    "@types/node" "*"
    playwright-core "1.22.2"

"@redux-saga/core@^1.1.3":
  version "1.1.3"
  resolved "https://registry.yarnpkg.com/@redux-saga/core/-/core-1.1.3.tgz#3085097b57a4ea8db5528d58673f20ce0950f6a4"
  integrity sha512-8tInBftak8TPzE6X13ABmEtRJGjtK17w7VUs7qV17S8hCO5S3+aUTWZ/DBsBJPdE8Z5jOPwYALyvofgq1Ws+kg==
  dependencies:
    "@babel/runtime" "^7.6.3"
    "@redux-saga/deferred" "^1.1.2"
    "@redux-saga/delay-p" "^1.1.2"
    "@redux-saga/is" "^1.1.2"
    "@redux-saga/symbols" "^1.1.2"
    "@redux-saga/types" "^1.1.0"
    redux "^4.0.4"
    typescript-tuple "^2.2.1"

"@redux-saga/deferred@^1.1.2":
  version "1.1.2"
  resolved "https://registry.yarnpkg.com/@redux-saga/deferred/-/deferred-1.1.2.tgz#59937a0eba71fff289f1310233bc518117a71888"
  integrity sha512-908rDLHFN2UUzt2jb4uOzj6afpjgJe3MjICaUNO3bvkV/kN/cNeI9PMr8BsFXB/MR8WTAZQq/PlTq8Kww3TBSQ==

"@redux-saga/delay-p@^1.1.2":
  version "1.1.2"
  resolved "https://registry.yarnpkg.com/@redux-saga/delay-p/-/delay-p-1.1.2.tgz#8f515f4b009b05b02a37a7c3d0ca9ddc157bb355"
  integrity sha512-ojc+1IoC6OP65Ts5+ZHbEYdrohmIw1j9P7HS9MOJezqMYtCDgpkoqB5enAAZrNtnbSL6gVCWPHaoaTY5KeO0/g==
  dependencies:
    "@redux-saga/symbols" "^1.1.2"

"@redux-saga/is@^1.1.2":
  version "1.1.2"
  resolved "https://registry.yarnpkg.com/@redux-saga/is/-/is-1.1.2.tgz#ae6c8421f58fcba80faf7cadb7d65b303b97e58e"
  integrity sha512-OLbunKVsCVNTKEf2cH4TYyNbbPgvmZ52iaxBD4I1fTif4+MTXMa4/Z07L83zW/hTCXwpSZvXogqMqLfex2Tg6w==
  dependencies:
    "@redux-saga/symbols" "^1.1.2"
    "@redux-saga/types" "^1.1.0"

"@redux-saga/symbols@^1.1.2":
  version "1.1.2"
  resolved "https://registry.yarnpkg.com/@redux-saga/symbols/-/symbols-1.1.2.tgz#216a672a487fc256872b8034835afc22a2d0595d"
  integrity sha512-EfdGnF423glv3uMwLsGAtE6bg+R9MdqlHEzExnfagXPrIiuxwr3bdiAwz3gi+PsrQ3yBlaBpfGLtDG8rf3LgQQ==

"@redux-saga/types@^1.1.0":
  version "1.1.0"
  resolved "https://registry.yarnpkg.com/@redux-saga/types/-/types-1.1.0.tgz#0e81ce56b4883b4b2a3001ebe1ab298b84237204"
  integrity sha512-afmTuJrylUU/0OtqzaRkbyYFFNgCF73Bvel/sw90pvGrWIZ+vyoIJqA6eMSoA6+nb443kTmulmBtC9NerXboNg==

"@types/body-parser@*":
  version "1.19.1"
  resolved "https://registry.yarnpkg.com/@types/body-parser/-/body-parser-1.19.1.tgz#0c0174c42a7d017b818303d4b5d969cb0b75929c"
  integrity sha512-a6bTJ21vFOGIkwM0kzh9Yr89ziVxq4vYH2fQ6N8AeipEzai/cFK6aGMArIkUeIdRIgpwQa+2bXiLuUJCpSf2Cg==
  dependencies:
    "@types/connect" "*"
    "@types/node" "*"

"@types/connect@*":
  version "3.4.35"
  resolved "https://registry.yarnpkg.com/@types/connect/-/connect-3.4.35.tgz#5fcf6ae445e4021d1fc2219a4873cc73a3bb2ad1"
  integrity sha512-cdeYyv4KWoEgpBISTxWvqYsVy444DOqehiF3fM3ne10AmJ62RSyNkUnxMJXHQWRQQX2eR94m5y1IZyDwBjV9FQ==
  dependencies:
    "@types/node" "*"

"@types/express-serve-static-core@^4.17.18":
  version "4.17.25"
  resolved "https://registry.yarnpkg.com/@types/express-serve-static-core/-/express-serve-static-core-4.17.25.tgz#e42f7046adc65ece2eb6059b77aecfbe9e9f82e0"
  integrity sha512-OUJIVfRMFijZukGGwTpKNFprqCCXk5WjNGvUgB/CxxBR40QWSjsNK86+yvGKlCOGc7sbwfHLaXhkG+NsytwBaQ==
  dependencies:
    "@types/node" "*"
    "@types/qs" "*"
    "@types/range-parser" "*"

"@types/express@^4.17.13":
  version "4.17.13"
  resolved "https://registry.yarnpkg.com/@types/express/-/express-4.17.13.tgz#a76e2995728999bab51a33fabce1d705a3709034"
  integrity sha512-6bSZTPaTIACxn48l50SR+axgrqm6qXFIxrdAKaG6PaJk3+zuUr35hBlgT7vOmJcum+OEaIBLtHV/qloEAFITeA==
  dependencies:
    "@types/body-parser" "*"
    "@types/express-serve-static-core" "^4.17.18"
    "@types/qs" "*"
    "@types/serve-static" "*"

"@types/isomorphic-fetch@^0.0.36":
  version "0.0.36"
  resolved "https://registry.yarnpkg.com/@types/isomorphic-fetch/-/isomorphic-fetch-0.0.36.tgz#3a6d8f63974baf26b10fd1314db910633108a769"
  integrity sha512-ulw4d+vW1HKn4oErSmNN2HYEcHGq0N1C5exlrMM0CRqX1UUpFhGb5lwiom5j9KN3LBJJDLRmYIZz1ghm7FIzZw==

"@types/mime@^1":
  version "1.3.2"
  resolved "https://registry.yarnpkg.com/@types/mime/-/mime-1.3.2.tgz#93e25bf9ee75fe0fd80b594bc4feb0e862111b5a"
  integrity sha512-YATxVxgRqNH6nHEIsvg6k2Boc1JHI9ZbH5iWFFv/MTkchz3b1ieGDa5T0a9RznNdI0KhVbdbWSN+KWWrQZRxTw==

"@types/node@*":
  version "17.0.41"
  resolved "https://registry.yarnpkg.com/@types/node/-/node-17.0.41.tgz#1607b2fd3da014ae5d4d1b31bc792a39348dfb9b"
  integrity sha512-xA6drNNeqb5YyV5fO3OAEsnXLfO7uF0whiOfPTz5AeDo8KeZFmODKnvwPymMNO8qE/an8pVY/O50tig2SQCrGw==

"@types/node@^16.11.1":
  version "16.11.6"
  resolved "https://registry.npmjs.org/@types/node/-/node-16.11.6.tgz"
  integrity sha512-ua7PgUoeQFjmWPcoo9khiPum3Pd60k4/2ZGXt18sm2Slk0W0xZTqt5Y0Ny1NyBiN1EVQ/+FaF9NcY4Qe6rwk5w==

"@types/prop-types@*":
  version "15.7.4"
  resolved "https://registry.npmjs.org/@types/prop-types/-/prop-types-15.7.4.tgz"
  integrity sha512-rZ5drC/jWjrArrS8BR6SIr4cWpW09RNTYt9AMZo3Jwwif+iacXAqgVjm0B0Bv/S1jhDXKHqRVNCbACkJ89RAnQ==

"@types/qs@*":
  version "6.9.7"
  resolved "https://registry.yarnpkg.com/@types/qs/-/qs-6.9.7.tgz#63bb7d067db107cc1e457c303bc25d511febf6cb"
  integrity sha512-FGa1F62FT09qcrueBA6qYTrJPVDzah9a+493+o2PCXsesWHIn27G98TsSMs3WPNbZIEj4+VJf6saSFpvD+3Zsw==

"@types/range-parser@*":
  version "1.2.4"
  resolved "https://registry.yarnpkg.com/@types/range-parser/-/range-parser-1.2.4.tgz#cd667bcfdd025213aafb7ca5915a932590acdcdc"
  integrity sha512-EEhsLsD6UsDM1yFhAvy0Cjr6VwmpMWqFBCb9w07wVugF7w9nfajxLuVmngTIpgS6svCnm6Vaw+MZhoDCKnOfsw==

"@types/react-dom@^17.0.10":
  version "17.0.10"
  resolved "https://registry.yarnpkg.com/@types/react-dom/-/react-dom-17.0.10.tgz#d6972ec018d23cf22b99597f1289343d99ea9d9d"
  integrity sha512-8oz3NAUId2z/zQdFI09IMhQPNgIbiP8Lslhv39DIDamr846/0spjZK0vnrMak0iB8EKb9QFTTIdg2Wj2zH5a3g==
  dependencies:
    "@types/react" "*"

"@types/react-transition-group@^4.2.0":
  version "4.4.4"
  resolved "https://registry.yarnpkg.com/@types/react-transition-group/-/react-transition-group-4.4.4.tgz#acd4cceaa2be6b757db61ed7b432e103242d163e"
  integrity sha512-7gAPz7anVK5xzbeQW9wFBDg7G++aPLAFY0QaSMOou9rJZpbuI58WAuJrgu+qR92l61grlnCUe7AFX8KGahAgug==
  dependencies:
    "@types/react" "*"

"@types/react@*", "@types/react@^17.0.33":
  version "17.0.33"
  resolved "https://registry.npmjs.org/@types/react/-/react-17.0.33.tgz"
  integrity sha512-pLWntxXpDPaU+RTAuSGWGSEL2FRTNyRQOjSWDke/rxRg14ncsZvx8AKWMWZqvc1UOaJIAoObdZhAWvRaHFi5rw==
  dependencies:
    "@types/prop-types" "*"
    "@types/scheduler" "*"
    csstype "^3.0.2"

"@types/scheduler@*":
  version "0.16.2"
  resolved "https://registry.npmjs.org/@types/scheduler/-/scheduler-0.16.2.tgz"
  integrity sha512-hppQEBDmlwhFAXKJX2KnWLYu5yMfi91yazPb2l+lbJiwW+wdo1gNeRA+3RgNSO39WYX2euey41KEwnqesU2Jew==

"@types/serve-static@*":
  version "1.13.10"
  resolved "https://registry.yarnpkg.com/@types/serve-static/-/serve-static-1.13.10.tgz#f5e0ce8797d2d7cc5ebeda48a52c96c4fa47a8d9"
  integrity sha512-nCkHGI4w7ZgAdNkrEu0bv+4xNV/XDqW+DydknebMOQwkpDGx8G+HTlj7R7ABI8i8nKxVw0wtKPi1D+lPOkh4YQ==
  dependencies:
    "@types/mime" "^1"
    "@types/node" "*"

accepts@~1.3.7:
  version "1.3.7"
  resolved "https://registry.yarnpkg.com/accepts/-/accepts-1.3.7.tgz#531bc726517a3b2b41f850021c6cc15eaab507cd"
  integrity sha512-Il80Qs2WjYlJIBNzNkK6KYqlVMTbZLXgHx2oT0pU/fjRHyEp+PEfEPY0R3WCwAGVOtauxh1hOxNgIf5bv7dQpA==
  dependencies:
    mime-types "~2.1.24"
    negotiator "0.6.2"

array-flatten@1.1.1:
  version "1.1.1"
  resolved "https://registry.yarnpkg.com/array-flatten/-/array-flatten-1.1.1.tgz#9a5f699051b1e7073328f2a008968b64ea2955d2"
  integrity sha1-ml9pkFGx5wczKPKgCJaLZOopVdI=

async@^3.0.0:
  version "3.2.2"
  resolved "https://registry.npmjs.org/async/-/async-3.2.2.tgz"
  integrity sha512-H0E+qZaDEfx/FY4t7iLRv1W2fFI6+pyCeTw1uN20AQPiwqwM6ojPxHxdLv4z8hi2DtnW9BOckSspLucW7pIE5g==

body-parser@1.19.0:
  version "1.19.0"
  resolved "https://registry.yarnpkg.com/body-parser/-/body-parser-1.19.0.tgz#96b2709e57c9c4e09a6fd66a8fd979844f69f08a"
  integrity sha512-dhEPs72UPbDnAQJ9ZKMNTP6ptJaionhP5cBb541nXPlW60Jepo9RV/a4fX4XWW9CuFNK22krhrj1+rgzifNCsw==
  dependencies:
    bytes "3.1.0"
    content-type "~1.0.4"
    debug "2.6.9"
    depd "~1.1.2"
    http-errors "1.7.2"
    iconv-lite "0.4.24"
    on-finished "~2.3.0"
    qs "6.7.0"
    raw-body "2.4.0"
    type-is "~1.6.17"

bytes@3.1.0:
  version "3.1.0"
  resolved "https://registry.yarnpkg.com/bytes/-/bytes-3.1.0.tgz#f6cf7933a360e0588fa9fde85651cdc7f805d1f6"
  integrity sha512-zauLjrfCG+xvoyaqLoV8bLVXXNGC4JqlxFCutSDWA6fJrTo2ZuvLYTqZ7aHBLZSMOopbzwv8f+wZcVzfVTI2Dg==

clsx@^1.0.4:
  version "1.1.1"
  resolved "https://registry.yarnpkg.com/clsx/-/clsx-1.1.1.tgz#98b3134f9abbdf23b2663491ace13c5c03a73188"
  integrity sha512-6/bPho624p3S2pMyvP5kKBPXnI3ufHLObBFCfgx+LkeR5lg2XYy2hqZqUf45ypD8COn2bhgGJSUE+l5dhNBieA==

content-disposition@0.5.3:
  version "0.5.3"
  resolved "https://registry.yarnpkg.com/content-disposition/-/content-disposition-0.5.3.tgz#e130caf7e7279087c5616c2007d0485698984fbd"
  integrity sha512-ExO0774ikEObIAEV9kDo50o+79VCUdEB6n6lzKgGwupcVeRlhrj3qGAfwq8G6uBJjkqLrhT0qEYFcWng8z1z0g==
  dependencies:
    safe-buffer "5.1.2"

content-type@~1.0.4:
  version "1.0.4"
  resolved "https://registry.yarnpkg.com/content-type/-/content-type-1.0.4.tgz#e138cc75e040c727b1966fe5e5f8c9aee256fe3b"
  integrity sha512-hIP3EEPs8tB9AT1L+NUqtwOAps4mk2Zob89MWXMHjHWg9milF/j4osnnQLXBCBFBk/tvIG/tUc9mOUJiPBhPXA==

cookie-signature@1.0.6:
  version "1.0.6"
  resolved "https://registry.yarnpkg.com/cookie-signature/-/cookie-signature-1.0.6.tgz#e303a882b342cc3ee8ca513a79999734dab3ae2c"
  integrity sha1-4wOogrNCzD7oylE6eZmXNNqzriw=

cookie@0.4.0:
  version "0.4.0"
  resolved "https://registry.yarnpkg.com/cookie/-/cookie-0.4.0.tgz#beb437e7022b3b6d49019d088665303ebe9c14ba"
  integrity sha512-+Hp8fLp57wnUSt0tY0tHEXh4voZRDnoIrZPqlo3DPiI4y9lwg/jqx+1Om94/W6ZaPDOUbnjOt/99w66zk+l1Xg==

css-vendor@^2.0.8:
  version "2.0.8"
  resolved "https://registry.yarnpkg.com/css-vendor/-/css-vendor-2.0.8.tgz#e47f91d3bd3117d49180a3c935e62e3d9f7f449d"
  integrity sha512-x9Aq0XTInxrkuFeHKbYC7zWY8ai7qJ04Kxd9MnvbC1uO5DagxoHQjm4JvG+vCdXOoFtCjbL2XSZfxmoYa9uQVQ==
  dependencies:
    "@babel/runtime" "^7.8.3"
    is-in-browser "^1.0.2"

csstype@^2.5.2:
  version "2.6.20"
  resolved "https://registry.yarnpkg.com/csstype/-/csstype-2.6.20.tgz#9229c65ea0b260cf4d3d997cb06288e36a8d6dda"
  integrity sha512-/WwNkdXfckNgw6S5R125rrW8ez139lBHWouiBvX8dfMFtcn6V81REDqnH7+CRpRipfYlyU1CmOnOxrmGcFOjeA==

csstype@^3.0.2:
  version "3.0.9"
  resolved "https://registry.npmjs.org/csstype/-/csstype-3.0.9.tgz"
  integrity sha512-rpw6JPxK6Rfg1zLOYCSwle2GFOOsnjmDYDaBwEcwoOg4qlsIVCN789VkBZDJAGi4T07gI4YSutR43t9Zz4Lzuw==

debug@2.6.9:
  version "2.6.9"
  resolved "https://registry.yarnpkg.com/debug/-/debug-2.6.9.tgz#5d128515df134ff327e90a4c93f4e077a536341f"
  integrity sha512-bC7ElrdJaJnPbAP+1EotYvqZsb3ecl5wi6Bfi6BJTUcNowp6cvspg0jXznRTKDjm/E7AdgFBVeAPVMNcKGsHMA==
  dependencies:
    ms "2.0.0"

depd@~1.1.2:
  version "1.1.2"
  resolved "https://registry.yarnpkg.com/depd/-/depd-1.1.2.tgz#9bcd52e14c097763e749b274c4346ed2e560b5a9"
  integrity sha1-m81S4UwJd2PnSbJ0xDRu0uVgtak=

destroy@~1.0.4:
  version "1.0.4"
  resolved "https://registry.yarnpkg.com/destroy/-/destroy-1.0.4.tgz#978857442c44749e4206613e37946205826abd80"
  integrity sha1-l4hXRCxEdJ5CBmE+N5RiBYJqvYA=

dom-helpers@^5.0.1:
  version "5.2.1"
  resolved "https://registry.yarnpkg.com/dom-helpers/-/dom-helpers-5.2.1.tgz#d9400536b2bf8225ad98fe052e029451ac40e902"
  integrity sha512-nRCa7CK3VTrM2NmGkIy4cbK7IZlgBE/PYMn55rrXefr5xXDP0LdtfPnblFDoVdcAfslJ7or6iqAUnx0CCGIWQA==
  dependencies:
    "@babel/runtime" "^7.8.7"
    csstype "^3.0.2"

ee-first@1.1.1:
  version "1.1.1"
  resolved "https://registry.yarnpkg.com/ee-first/-/ee-first-1.1.1.tgz#590c61156b0ae2f4f0255732a158b266bc56b21d"
  integrity sha1-WQxhFWsK4vTwJVcyoViyZrxWsh0=

encodeurl@~1.0.2:
  version "1.0.2"
  resolved "https://registry.yarnpkg.com/encodeurl/-/encodeurl-1.0.2.tgz#ad3ff4c86ec2d029322f5a02c3a9a606c95b3f59"
  integrity sha1-rT/0yG7C0CkyL1oCw6mmBslbP1k=

esbuild-android-arm64@0.13.11:
  version "0.13.11"
  resolved "https://registry.yarnpkg.com/esbuild-android-arm64/-/esbuild-android-arm64-0.13.11.tgz#7e5c1ac5949275201ce341e8382583e2189a9426"
  integrity sha512-5D6wfGwqbYcsj2Rtsdilt7TFi1i2vo/OcDNc+bBzdveQ0dgsXq07ImnHZ1fjKCjvQrjZz2oDCvKyMso3YyTEtQ==

esbuild-darwin-64@0.13.11:
  version "0.13.11"
  resolved "https://registry.npmjs.org/esbuild-darwin-64/-/esbuild-darwin-64-0.13.11.tgz"
  integrity sha512-5SLEfyBVyTjTWBD8bMUsCsFmiiYQQhcA29mjOfooPVbk8Xq4pc0Cl8l+XQStO5ntnX5xh8su+z4LGCJ15rE2Gw==

esbuild-darwin-arm64@0.13.11:
  version "0.13.11"
  resolved "https://registry.yarnpkg.com/esbuild-darwin-arm64/-/esbuild-darwin-arm64-0.13.11.tgz#2bac4548ebb9343d7d1587556f7215529a5f2b03"
  integrity sha512-davfRUaAqC1dAaN/Re0yG7wHj30EMw0EzzCoUfIAzuiuwHTJk9vwCZ+eVVz5n7cDy/mtaYLUJTNcmeVnperGIQ==

esbuild-freebsd-64@0.13.11:
  version "0.13.11"
  resolved "https://registry.yarnpkg.com/esbuild-freebsd-64/-/esbuild-freebsd-64-0.13.11.tgz#bb15ad4469207d86432f71fe55e9f6b3f7b36a5c"
  integrity sha512-xQS/TuL7nBWwhYilIUHGhce0dLLMG+fsn8X6r78rDVEuSZPoTmP4ClVkM6uW+3OaKMBrel1VUXnFJ79Mg/n+lw==

esbuild-freebsd-arm64@0.13.11:
  version "0.13.11"
  resolved "https://registry.yarnpkg.com/esbuild-freebsd-arm64/-/esbuild-freebsd-arm64-0.13.11.tgz#de152c5c9349a864f71048f85217fb28bf4c80ab"
  integrity sha512-xU5G1UL/TWhgar9qAjDmnFVRWI//XFTHrG3SCpyhSMgOqrlD0ySgW1SSXEBVHfQu0JIEKQZ0uQpreS0pXt20/A==

esbuild-linux-32@0.13.11:
  version "0.13.11"
  resolved "https://registry.yarnpkg.com/esbuild-linux-32/-/esbuild-linux-32-0.13.11.tgz#3faa3f0a9573e2941ae17bc44f1a7564ef099206"
  integrity sha512-P2a4eEtpRP6KHzTY30xEVOFpIFVZoa48/bjB+V5jXGRk5iKSsX4Akq3amXotz66GDBSEiaz1uSJ1Nu80HfA1Mw==

esbuild-linux-64@0.13.11:
  version "0.13.11"
  resolved "https://registry.yarnpkg.com/esbuild-linux-64/-/esbuild-linux-64-0.13.11.tgz#27aa61122e94208885dd82e344ba2f4c2b21127c"
  integrity sha512-Lk5JfLpQhaLGK+h4WFc8GQNP+uX5olqQLcomROlKUjxuAn+T+8+EI6CEX5FANu/Y/QlzC57zfvkxqRRUAZ9bdg==

esbuild-linux-arm64@0.13.11:
  version "0.13.11"
  resolved "https://registry.yarnpkg.com/esbuild-linux-arm64/-/esbuild-linux-arm64-0.13.11.tgz#f1bde7bb543b7df45e98c404042198a69f8d1961"
  integrity sha512-wOPaXH5Z0qkT2dsm7nWJ44jysXUVQ3IS6a0lXprE3AYLt7PCqATrlXOMwuQngJEMqxxvM9svaI3lTqU+E9sxlQ==

esbuild-linux-arm@0.13.11:
  version "0.13.11"
  resolved "https://registry.yarnpkg.com/esbuild-linux-arm/-/esbuild-linux-arm-0.13.11.tgz#71b2d96b34dfd632c4d070e9b68af2be4242843f"
  integrity sha512-K+pYBQr5AAyqe0D4GSFzZF3qnoUf2HG6W4ox8L5dYe20fTfq6o9CaRQpcp7nCYzM1ZSOJR1gK/Xzsn1YRp5lpg==

esbuild-linux-mips64le@0.13.11:
  version "0.13.11"
  resolved "https://registry.yarnpkg.com/esbuild-linux-mips64le/-/esbuild-linux-mips64le-0.13.11.tgz#56706fd15e107817e7b3cf670442fee2ade6109a"
  integrity sha512-pupByBqNyyfFYfsIpprkie62NdZ424LmMhWWMfLav59DLOoG3Tn9DBam5lLeVX4eW1SCZgsGcfBAoaReCK7TZg==

esbuild-linux-ppc64le@0.13.11:
  version "0.13.11"
  resolved "https://registry.yarnpkg.com/esbuild-linux-ppc64le/-/esbuild-linux-ppc64le-0.13.11.tgz#7c1cfbfb4d7a7e7e6ac43335fe2c7759c7768226"
  integrity sha512-6F5n+XPLBfLjzSWvY32hS0b9UxLMtrcGD+1fCAdzXGSyT4Z35LsDTPZtFHHdczfvaGqsoIaEwbdihoOTg86uow==

esbuild-netbsd-64@0.13.11:
  version "0.13.11"
  resolved "https://registry.yarnpkg.com/esbuild-netbsd-64/-/esbuild-netbsd-64-0.13.11.tgz#4423e6f10d5e19265bc52420db18fb728cc33122"
  integrity sha512-0/DInmj0wcFewOmK8Ek8dkMLRev3/9eZyYhruqhZdjWq4hfi9APnn3gOxgj3dDo3Q4Dhc8pFqA9SpxD5KXGH2Q==

esbuild-node-externals@^1.3.0:
  version "1.3.0"
  resolved "https://registry.yarnpkg.com/esbuild-node-externals/-/esbuild-node-externals-1.3.0.tgz#a71f85faeb509dd10979b9a6dc54a05464c780fd"
  integrity sha512-6N1IW4D1aTV/rNSL5CoDNmyr6KqFLkFNTnQlsmdG4QvizLly1itaTLpU7Cz68Gh1z87BM+k64/CM5PbyDZBhxQ==
  dependencies:
    find-up "5.0.0"
    tslib "2.1.0"

esbuild-openbsd-64@0.13.11:
  version "0.13.11"
  resolved "https://registry.yarnpkg.com/esbuild-openbsd-64/-/esbuild-openbsd-64-0.13.11.tgz#4eb706b9de245d7e2dbcfe60422932646bf12f1e"
  integrity sha512-QkWZt2D/XGD3gejRTX0mQx3oPuYTdSpLJ4H9cQlsec/WNCRW17DDqb61UE38PozMKO2EfpE+znWc/uLoA7tyGA==

esbuild-sunos-64@0.13.11:
  version "0.13.11"
  resolved "https://registry.yarnpkg.com/esbuild-sunos-64/-/esbuild-sunos-64-0.13.11.tgz#9f45d6db95111aab6205ea1d4c53fea64ba4aa91"
  integrity sha512-mQ6BjPBsajbSzqMJZHodS2Z2UCtrUftFQR/cWPMyL/y7sF/OJwgpG4vif1jxCPB/rgU239fTyIJnwQHblqpkjQ==

esbuild-windows-32@0.13.11:
  version "0.13.11"
  resolved "https://registry.yarnpkg.com/esbuild-windows-32/-/esbuild-windows-32-0.13.11.tgz#124f57ab53d490d20e6ad6852840d0820a9e7cd2"
  integrity sha512-CBrsaverrBed3wo+fz9uMtmEaaetUGv29rXbZipFX1wqlFOFFmrA3l97P/4MLOIP8NlOZheVLwEdKWiT5dIV4Q==

esbuild-windows-64@0.13.11:
  version "0.13.11"
  resolved "https://registry.yarnpkg.com/esbuild-windows-64/-/esbuild-windows-64-0.13.11.tgz#ca03602516923c9569fb57b432a307bd4b92a4dd"
  integrity sha512-Lg3XTGO8jfYEJnnErqbMeXlRd4SiB2gYqsbH828cy8z52fsGOWEfmVyyzRYHFnMOVXHnV9njk8aj/gvdzhXtuQ==

esbuild-windows-arm64@0.13.11:
  version "0.13.11"
  resolved "https://registry.yarnpkg.com/esbuild-windows-arm64/-/esbuild-windows-arm64-0.13.11.tgz#18ece72d27ffb467e3b30268013d93afaf74248d"
  integrity sha512-D9k0+gZhyTreG8UDYV4O/TTA9zcvnCKI+FnoS+Qun+2nD9CDXkLkA2jSJIPAme1dzQoMJpxwkOVWjLXKkMDc+Q==

esbuild@^0.13.11:
  version "0.13.11"
  resolved "https://registry.npmjs.org/esbuild/-/esbuild-0.13.11.tgz"
  integrity sha512-LeKT6wgEJX+U78L8O6Me71NtV18pO2iGJv3hBeOPMk+wArxHvQqv/cU8uZ97i+rge25DOrLNKBlzN3ofyoS1sg==
  optionalDependencies:
    esbuild-android-arm64 "0.13.11"
    esbuild-darwin-64 "0.13.11"
    esbuild-darwin-arm64 "0.13.11"
    esbuild-freebsd-64 "0.13.11"
    esbuild-freebsd-arm64 "0.13.11"
    esbuild-linux-32 "0.13.11"
    esbuild-linux-64 "0.13.11"
    esbuild-linux-arm "0.13.11"
    esbuild-linux-arm64 "0.13.11"
    esbuild-linux-mips64le "0.13.11"
    esbuild-linux-ppc64le "0.13.11"
    esbuild-netbsd-64 "0.13.11"
    esbuild-openbsd-64 "0.13.11"
    esbuild-sunos-64 "0.13.11"
    esbuild-windows-32 "0.13.11"
    esbuild-windows-64 "0.13.11"
    esbuild-windows-arm64 "0.13.11"

escape-html@~1.0.3:
  version "1.0.3"
  resolved "https://registry.yarnpkg.com/escape-html/-/escape-html-1.0.3.tgz#0258eae4d3d0c0974de1c169188ef0051d1d1988"
  integrity sha1-Aljq5NPQwJdN4cFpGI7wBR0dGYg=

etag@~1.8.1:
  version "1.8.1"
  resolved "https://registry.yarnpkg.com/etag/-/etag-1.8.1.tgz#41ae2eeb65efa62268aebfea83ac7d79299b0887"
  integrity sha1-Qa4u62XvpiJorr/qg6x9eSmbCIc=

express@^4.17.1:
  version "4.17.1"
  resolved "https://registry.yarnpkg.com/express/-/express-4.17.1.tgz#4491fc38605cf51f8629d39c2b5d026f98a4c134"
  integrity sha512-mHJ9O79RqluphRrcw2X/GTh3k9tVv8YcoyY4Kkh4WDMUYKRZUq0h1o0w2rrrxBqM7VoeUVqgb27xlEMXTnYt4g==
  dependencies:
    accepts "~1.3.7"
    array-flatten "1.1.1"
    body-parser "1.19.0"
    content-disposition "0.5.3"
    content-type "~1.0.4"
    cookie "0.4.0"
    cookie-signature "1.0.6"
    debug "2.6.9"
    depd "~1.1.2"
    encodeurl "~1.0.2"
    escape-html "~1.0.3"
    etag "~1.8.1"
    finalhandler "~1.1.2"
    fresh "0.5.2"
    merge-descriptors "1.0.1"
    methods "~1.1.2"
    on-finished "~2.3.0"
    parseurl "~1.3.3"
    path-to-regexp "0.1.7"
    proxy-addr "~2.0.5"
    qs "6.7.0"
    range-parser "~1.2.1"
    safe-buffer "5.1.2"
    send "0.17.1"
    serve-static "1.14.1"
    setprototypeof "1.1.1"
    statuses "~1.5.0"
    type-is "~1.6.18"
    utils-merge "1.0.1"
    vary "~1.1.2"

finalhandler@~1.1.2:
  version "1.1.2"
  resolved "https://registry.yarnpkg.com/finalhandler/-/finalhandler-1.1.2.tgz#b7e7d000ffd11938d0fdb053506f6ebabe9f587d"
  integrity sha512-aAWcW57uxVNrQZqFXjITpW3sIUQmHGG3qSb9mUah9MgMC4NeWhNOlNjXEYq3HjRAvL6arUviZGGJsBg6z0zsWA==
  dependencies:
    debug "2.6.9"
    encodeurl "~1.0.2"
    escape-html "~1.0.3"
    on-finished "~2.3.0"
    parseurl "~1.3.3"
    statuses "~1.5.0"
    unpipe "~1.0.0"

find-up@5.0.0:
  version "5.0.0"
  resolved "https://registry.yarnpkg.com/find-up/-/find-up-5.0.0.tgz#4c92819ecb7083561e4f4a240a86be5198f536fc"
  integrity sha512-78/PXT1wlLLDgTzDs7sjq9hzz0vXD+zn+7wypEe4fXQxCmdmqfGsEPQxmiCSQI3ajFV91bVSsvNtrJRiW6nGng==
  dependencies:
    locate-path "^6.0.0"
    path-exists "^4.0.0"

forwarded@0.2.0:
  version "0.2.0"
  resolved "https://registry.yarnpkg.com/forwarded/-/forwarded-0.2.0.tgz#2269936428aad4c15c7ebe9779a84bf0b2a81811"
  integrity sha512-buRG0fpBtRHSTCOASe6hD258tEubFoRLb4ZNA6NxMVHNw2gOcwHo9wyablzMzOA5z9xA9L1KNjk/Nt6MT9aYow==

fp-ts@^2.11.1:
  version "2.11.5"
  resolved "https://registry.npmjs.org/fp-ts/-/fp-ts-2.11.5.tgz"
  integrity sha512-OqlwJq1BdpB83BZXTqI+dNcA6uYk6qk4u9Cgnt64Y+XS7dwdbp/mobx8S2KXf2AXH+scNmA/UVK3SEFHR3vHZA==

fresh@0.5.2:
  version "0.5.2"
  resolved "https://registry.yarnpkg.com/fresh/-/fresh-0.5.2.tgz#3d8cadd90d976569fa835ab1f8e4b23a105605a7"
  integrity sha1-PYyt2Q2XZWn6g1qx+OSyOhBWBac=

gettemporaryfilepath@^1.0.0:
  version "1.0.1"
  resolved "https://registry.npmjs.org/gettemporaryfilepath/-/gettemporaryfilepath-1.0.1.tgz"
  integrity sha512-MVCSgF1blIZuIV3KYhMKOwU1OSxPF1s+ZcyqWMSGR5Fzl6fN7EjIXDFGu9PmWAAwyGjMjmkS2ruqPaj13J3SXA==

history@^5.2.0:
  version "5.3.0"
  resolved "https://registry.yarnpkg.com/history/-/history-5.3.0.tgz#1548abaa245ba47992f063a0783db91ef201c73b"
  integrity sha512-ZqaKwjjrAYUYfLG+htGaIIZ4nioX2L70ZUMIFysS3xvBsSG4x/n1V6TXV3N8ZYNuFGlDirFg32T7B6WOUPDYcQ==
  dependencies:
    "@babel/runtime" "^7.7.6"

hoist-non-react-statics@^3.3.2:
  version "3.3.2"
  resolved "https://registry.yarnpkg.com/hoist-non-react-statics/-/hoist-non-react-statics-3.3.2.tgz#ece0acaf71d62c2969c2ec59feff42a4b1a85b45"
  integrity sha512-/gGivxi8JPKWNm/W0jSmzcMPpfpPLc3dY/6GxhX2hQ9iGj3aDfklV4ET7NjKpSinLpJ5vafa9iiGIEZg10SfBw==
  dependencies:
    react-is "^16.7.0"

http-errors@1.7.2:
  version "1.7.2"
  resolved "https://registry.yarnpkg.com/http-errors/-/http-errors-1.7.2.tgz#4f5029cf13239f31036e5b2e55292bcfbcc85c8f"
  integrity sha512-uUQBt3H/cSIVfch6i1EuPNy/YsRSOUBXTVfZ+yR7Zjez3qjBz6i9+i4zjNaoqcoFVI4lQJ5plg63TvGfRSDCRg==
  dependencies:
    depd "~1.1.2"
    inherits "2.0.3"
    setprototypeof "1.1.1"
    statuses ">= 1.5.0 < 2"
    toidentifier "1.0.0"

http-errors@~1.7.2:
  version "1.7.3"
  resolved "https://registry.yarnpkg.com/http-errors/-/http-errors-1.7.3.tgz#6c619e4f9c60308c38519498c14fbb10aacebb06"
  integrity sha512-ZTTX0MWrsQ2ZAhA1cejAwDLycFsd7I7nVtnkT3Ol0aqodaKW+0CTZDQ1uBv5whptCnc8e8HeRRJxRs0kmm/Qfw==
  dependencies:
    depd "~1.1.2"
    inherits "2.0.4"
    setprototypeof "1.1.1"
    statuses ">= 1.5.0 < 2"
    toidentifier "1.0.0"

hyphenate-style-name@^1.0.3:
  version "1.0.4"
  resolved "https://registry.yarnpkg.com/hyphenate-style-name/-/hyphenate-style-name-1.0.4.tgz#691879af8e220aea5750e8827db4ef62a54e361d"
  integrity sha512-ygGZLjmXfPHj+ZWh6LwbC37l43MhfztxetbFCoYTM2VjkIUpeHgSNn7QIyVFj7YQ1Wl9Cbw5sholVJPzWvC2MQ==

iconv-lite@0.4.24:
  version "0.4.24"
  resolved "https://registry.npmjs.org/iconv-lite/-/iconv-lite-0.4.24.tgz"
  integrity sha512-v3MXnZAcvnywkTUEZomIActle7RXXeedOR31wwl7VlyoXO4Qi9arvSenNQWne1TcRwhCL1HwLI21bEqdpj8/rA==
  dependencies:
    safer-buffer ">= 2.1.2 < 3"

inherits@2.0.3:
  version "2.0.3"
  resolved "https://registry.yarnpkg.com/inherits/-/inherits-2.0.3.tgz#633c2c83e3da42a502f52466022480f4208261de"
  integrity sha1-Yzwsg+PaQqUC9SRmAiSA9CCCYd4=

inherits@2.0.4:
  version "2.0.4"
  resolved "https://registry.npmjs.org/inherits/-/inherits-2.0.4.tgz"
  integrity sha512-k/vGaX4/Yla3WzyMCvTQOXYeIHvqOKtnqBduzTHpzpQZzAskKMhZ2K+EnBiSM9zGSoIFeMpXKxa4dYeZIQqewQ==

inkscape@^3.1.1:
  version "3.1.1"
  resolved "https://registry.npmjs.org/inkscape/-/inkscape-3.1.1.tgz"
  integrity sha512-2aaw4yTirwF2m6J3Tm8zxnRLQI0MKssw4pv4S2QNCy9TvVFy1Y5PW+bcMR41zpfc/kT9GZPp2c0Y7/nOx+zT+A==
  dependencies:
    async "^3.0.0"
    gettemporaryfilepath "^1.0.0"
    semver "^7.3.2"

io-ts@^2.2.16:
  version "2.2.16"
  resolved "https://registry.npmjs.org/io-ts/-/io-ts-2.2.16.tgz"
  integrity sha512-y5TTSa6VP6le0hhmIyN0dqEXkrZeJLeC5KApJq6VLci3UEKF80lZ+KuoUs02RhBxNWlrqSNxzfI7otLX1Euv8Q==

ipaddr.js@1.9.1:
  version "1.9.1"
  resolved "https://registry.yarnpkg.com/ipaddr.js/-/ipaddr.js-1.9.1.tgz#bff38543eeb8984825079ff3a2a8e6cbd46781b3"
  integrity sha512-0KI/607xoxSToH7GjN1FfSbLoU0+btTicjsQSWQlh/hZykN8KpmMf7uYwPW3R+akZ6R/w18ZlXSHBYXiYUPO3g==

is-in-browser@^1.0.2, is-in-browser@^1.1.3:
  version "1.1.3"
  resolved "https://registry.yarnpkg.com/is-in-browser/-/is-in-browser-1.1.3.tgz#56ff4db683a078c6082eb95dad7dc62e1d04f835"
  integrity sha1-Vv9NtoOgeMYILrldrX3GLh0E+DU=

isomorphic-fetch@^3.0.0:
  version "3.0.0"
  resolved "https://registry.yarnpkg.com/isomorphic-fetch/-/isomorphic-fetch-3.0.0.tgz#0267b005049046d2421207215d45d6a262b8b8b4"
  integrity sha512-qvUtwJ3j6qwsF3jLxkZ72qCgjMysPzDfeV240JHiGZsANBYd+EEuu35v7dfrJ9Up0Ak07D7GGSkGhCHTqg/5wA==
  dependencies:
    node-fetch "^2.6.1"
    whatwg-fetch "^3.4.1"

"js-tokens@^3.0.0 || ^4.0.0":
  version "4.0.0"
  resolved "https://registry.npmjs.org/js-tokens/-/js-tokens-4.0.0.tgz"
  integrity sha512-RdJUflcE3cUzKiMqQgsCu06FPu9UdIJO0beYbPhHN4k6apgJtifcoCtT9bcxOpYBtpD2kCM6Sbzg4CausW/PKQ==

jss-plugin-camel-case@^10.5.1:
  version "10.9.0"
  resolved "https://registry.yarnpkg.com/jss-plugin-camel-case/-/jss-plugin-camel-case-10.9.0.tgz#4921b568b38d893f39736ee8c4c5f1c64670aaf7"
  integrity sha512-UH6uPpnDk413/r/2Olmw4+y54yEF2lRIV8XIZyuYpgPYTITLlPOsq6XB9qeqv+75SQSg3KLocq5jUBXW8qWWww==
  dependencies:
    "@babel/runtime" "^7.3.1"
    hyphenate-style-name "^1.0.3"
    jss "10.9.0"

jss-plugin-default-unit@^10.5.1:
  version "10.9.0"
  resolved "https://registry.yarnpkg.com/jss-plugin-default-unit/-/jss-plugin-default-unit-10.9.0.tgz#bb23a48f075bc0ce852b4b4d3f7582bc002df991"
  integrity sha512-7Ju4Q9wJ/MZPsxfu4T84mzdn7pLHWeqoGd/D8O3eDNNJ93Xc8PxnLmV8s8ZPNRYkLdxZqKtm1nPQ0BM4JRlq2w==
  dependencies:
    "@babel/runtime" "^7.3.1"
    jss "10.9.0"

jss-plugin-global@^10.5.1:
  version "10.9.0"
  resolved "https://registry.yarnpkg.com/jss-plugin-global/-/jss-plugin-global-10.9.0.tgz#fc07a0086ac97aca174e37edb480b69277f3931f"
  integrity sha512-4G8PHNJ0x6nwAFsEzcuVDiBlyMsj2y3VjmFAx/uHk/R/gzJV+yRHICjT4MKGGu1cJq2hfowFWCyrr/Gg37FbgQ==
  dependencies:
    "@babel/runtime" "^7.3.1"
    jss "10.9.0"

jss-plugin-nested@^10.5.1:
  version "10.9.0"
  resolved "https://registry.yarnpkg.com/jss-plugin-nested/-/jss-plugin-nested-10.9.0.tgz#cc1c7d63ad542c3ccc6e2c66c8328c6b6b00f4b3"
  integrity sha512-2UJnDrfCZpMYcpPYR16oZB7VAC6b/1QLsRiAutOt7wJaaqwCBvNsosLEu/fUyKNQNGdvg2PPJFDO5AX7dwxtoA==
  dependencies:
    "@babel/runtime" "^7.3.1"
    jss "10.9.0"
    tiny-warning "^1.0.2"

jss-plugin-props-sort@^10.5.1:
  version "10.9.0"
  resolved "https://registry.yarnpkg.com/jss-plugin-props-sort/-/jss-plugin-props-sort-10.9.0.tgz#30e9567ef9479043feb6e5e59db09b4de687c47d"
  integrity sha512-7A76HI8bzwqrsMOJTWKx/uD5v+U8piLnp5bvru7g/3ZEQOu1+PjHvv7bFdNO3DwNPC9oM0a//KwIJsIcDCjDzw==
  dependencies:
    "@babel/runtime" "^7.3.1"
    jss "10.9.0"

jss-plugin-rule-value-function@^10.5.1:
  version "10.9.0"
  resolved "https://registry.yarnpkg.com/jss-plugin-rule-value-function/-/jss-plugin-rule-value-function-10.9.0.tgz#379fd2732c0746fe45168011fe25544c1a295d67"
  integrity sha512-IHJv6YrEf8pRzkY207cPmdbBstBaE+z8pazhPShfz0tZSDtRdQua5jjg6NMz3IbTasVx9FdnmptxPqSWL5tyJg==
  dependencies:
    "@babel/runtime" "^7.3.1"
    jss "10.9.0"
    tiny-warning "^1.0.2"

jss-plugin-vendor-prefixer@^10.5.1:
  version "10.9.0"
  resolved "https://registry.yarnpkg.com/jss-plugin-vendor-prefixer/-/jss-plugin-vendor-prefixer-10.9.0.tgz#aa9df98abfb3f75f7ed59a3ec50a5452461a206a"
  integrity sha512-MbvsaXP7iiVdYVSEoi+blrW+AYnTDvHTW6I6zqi7JcwXdc6I9Kbm234nEblayhF38EftoenbM+5218pidmC5gA==
  dependencies:
    "@babel/runtime" "^7.3.1"
    css-vendor "^2.0.8"
    jss "10.9.0"

jss@10.9.0, jss@^10.5.1:
  version "10.9.0"
  resolved "https://registry.yarnpkg.com/jss/-/jss-10.9.0.tgz#7583ee2cdc904a83c872ba695d1baab4b59c141b"
  integrity sha512-YpzpreB6kUunQBbrlArlsMpXYyndt9JATbt95tajx0t4MTJJcCJdd4hdNpHmOIDiUJrF/oX5wtVFrS3uofWfGw==
  dependencies:
    "@babel/runtime" "^7.3.1"
    csstype "^3.0.2"
    is-in-browser "^1.1.3"
    tiny-warning "^1.0.2"

locate-path@^6.0.0:
  version "6.0.0"
  resolved "https://registry.yarnpkg.com/locate-path/-/locate-path-6.0.0.tgz#55321eb309febbc59c4801d931a72452a681d286"
  integrity sha512-iPZK6eYjbxRu3uB4/WZ3EsEIMJFMqAoopl3R+zuq0UjcAm/MO6KCweDgPfP3elTztoKP3KtnVHxTn2NHBSDVUw==
  dependencies:
    p-locate "^5.0.0"

loose-envify@^1.1.0, loose-envify@^1.4.0:
  version "1.4.0"
  resolved "https://registry.npmjs.org/loose-envify/-/loose-envify-1.4.0.tgz"
  integrity sha512-lyuxPGr/Wfhrlem2CL/UcnUc1zcqKAImBDzukY7Y5F/yQiNdko6+fRLevlw1HgMySw7f611UIY408EtxRSoK3Q==
  dependencies:
    js-tokens "^3.0.0 || ^4.0.0"

lru-cache@^6.0.0:
  version "6.0.0"
  resolved "https://registry.npmjs.org/lru-cache/-/lru-cache-6.0.0.tgz"
  integrity sha512-Jo6dJ04CmSjuznwJSS3pUeWmd/H0ffTlkXXgwZi+eq1UCmqQwCh+eLsYOYCwY991i2Fah4h1BEMCx4qThGbsiA==
  dependencies:
    yallist "^4.0.0"

media-typer@0.3.0:
  version "0.3.0"
  resolved "https://registry.yarnpkg.com/media-typer/-/media-typer-0.3.0.tgz#8710d7af0aa626f8fffa1ce00168545263255748"
  integrity sha1-hxDXrwqmJvj/+hzgAWhUUmMlV0g=

merge-descriptors@1.0.1:
  version "1.0.1"
  resolved "https://registry.yarnpkg.com/merge-descriptors/-/merge-descriptors-1.0.1.tgz#b00aaa556dd8b44568150ec9d1b953f3f90cbb61"
  integrity sha1-sAqqVW3YtEVoFQ7J0blT8/kMu2E=

methods@~1.1.2:
  version "1.1.2"
  resolved "https://registry.yarnpkg.com/methods/-/methods-1.1.2.tgz#5529a4d67654134edcc5266656835b0f851afcee"
  integrity sha1-VSmk1nZUE07cxSZmVoNbD4Ua/O4=

mime-db@1.51.0:
  version "1.51.0"
  resolved "https://registry.yarnpkg.com/mime-db/-/mime-db-1.51.0.tgz#d9ff62451859b18342d960850dc3cfb77e63fb0c"
  integrity sha512-5y8A56jg7XVQx2mbv1lu49NR4dokRnhZYTtL+KGfaa27uq4pSTXkwQkFJl4pkRMyNFz/EtYDSkiiEHx3F7UN6g==

mime-types@~2.1.24:
  version "2.1.34"
  resolved "https://registry.yarnpkg.com/mime-types/-/mime-types-2.1.34.tgz#5a712f9ec1503511a945803640fafe09d3793c24"
  integrity sha512-6cP692WwGIs9XXdOO4++N+7qjqv0rqxxVvJ3VHPh/Sc9mVZcQP+ZGhkKiTvWMQRr2tbHkJP/Yn7Y0npb3ZBs4A==
  dependencies:
    mime-db "1.51.0"

mime@1.6.0:
  version "1.6.0"
  resolved "https://registry.yarnpkg.com/mime/-/mime-1.6.0.tgz#32cd9e5c64553bd58d19a568af452acff04981b1"
  integrity sha512-x0Vn8spI+wuJ1O6S7gnbaQg8Pxh4NNHb7KSINmEWKiPE4RKOplvijn+NkmYmmRgP68mc70j2EbeTFRsrswaQeg==

ms@2.0.0:
  version "2.0.0"
  resolved "https://registry.yarnpkg.com/ms/-/ms-2.0.0.tgz#5608aeadfc00be6c2901df5f9861788de0d597c8"
  integrity sha1-VgiurfwAvmwpAd9fmGF4jeDVl8g=

ms@2.1.1:
  version "2.1.1"
  resolved "https://registry.yarnpkg.com/ms/-/ms-2.1.1.tgz#30a5864eb3ebb0a66f2ebe6d727af06a09d86e0a"
  integrity sha512-tgp+dl5cGk28utYktBsrFqA7HKgrhgPsg6Z/EfhWI4gl1Hwq8B/GmY/0oXZ6nF8hDVesS/FpnYaD/kOWhYQvyg==

negotiator@0.6.2:
  version "0.6.2"
  resolved "https://registry.yarnpkg.com/negotiator/-/negotiator-0.6.2.tgz#feacf7ccf525a77ae9634436a64883ffeca346fb"
  integrity sha512-hZXc7K2e+PgeI1eDBe/10Ard4ekbfrrqG8Ep+8Jmf4JID2bNg7NvCPOZN+kfF574pFQI7mum2AUqDidoKqcTOw==

node-fetch@^2.6.1:
  version "2.6.7"
  resolved "https://registry.yarnpkg.com/node-fetch/-/node-fetch-2.6.7.tgz#24de9fba827e3b4ae44dc8b20256a379160052ad"
  integrity sha512-ZjMPFEfVx5j+y2yF35Kzx5sF7kDzxuDj6ziH4FFbOp87zKDZNx8yExJIb05OGF4Nlt9IHFIMBkRl41VdvcNdbQ==
  dependencies:
    whatwg-url "^5.0.0"

object-assign@^4.1.1:
  version "4.1.1"
  resolved "https://registry.npmjs.org/object-assign/-/object-assign-4.1.1.tgz"
  integrity sha1-IQmtx5ZYh8/AXLvUQsrIv7s2CGM=

on-finished@~2.3.0:
  version "2.3.0"
  resolved "https://registry.yarnpkg.com/on-finished/-/on-finished-2.3.0.tgz#20f1336481b083cd75337992a16971aa2d906947"
  integrity sha1-IPEzZIGwg811M3mSoWlxqi2QaUc=
  dependencies:
    ee-first "1.1.1"

p-limit@^3.0.2:
  version "3.1.0"
  resolved "https://registry.yarnpkg.com/p-limit/-/p-limit-3.1.0.tgz#e1daccbe78d0d1388ca18c64fea38e3e57e3706b"
  integrity sha512-TYOanM3wGwNGsZN2cVTYPArw454xnXj5qmWF1bEoAc4+cU/ol7GVh7odevjp1FNHduHc3KZMcFduxU5Xc6uJRQ==
  dependencies:
    yocto-queue "^0.1.0"

p-locate@^5.0.0:
  version "5.0.0"
  resolved "https://registry.yarnpkg.com/p-locate/-/p-locate-5.0.0.tgz#83c8315c6785005e3bd021839411c9e110e6d834"
  integrity sha512-LaNjtRWUBY++zB5nE/NwcaoMylSPk+S+ZHNB1TzdbMJMny6dynpAGt7X/tl/QYq3TIeE6nxHppbo2LGymrG5Pw==
  dependencies:
    p-limit "^3.0.2"

parseurl@~1.3.3:
  version "1.3.3"
  resolved "https://registry.yarnpkg.com/parseurl/-/parseurl-1.3.3.tgz#9da19e7bee8d12dff0513ed5b76957793bc2e8d4"
  integrity sha512-CiyeOxFT/JZyN5m0z9PfXw4SCBJ6Sygz1Dpl0wqjlhDEGGBP1GnsUVEL0p63hoG1fcj3fHynXi9NYO4nWOL+qQ==

path-exists@^4.0.0:
  version "4.0.0"
  resolved "https://registry.npmjs.org/path-exists/-/path-exists-4.0.0.tgz"
  integrity sha512-ak9Qy5Q7jYb2Wwcey5Fpvg2KoAc/ZIhLSLOSBmRmygPsGwkVVt0fZa0qrtMz+m6tJTAHfZQ8FnmB4MG4LWy7/w==

path-to-regexp@0.1.7:
  version "0.1.7"
  resolved "https://registry.yarnpkg.com/path-to-regexp/-/path-to-regexp-0.1.7.tgz#df604178005f522f15eb4490e7247a1bfaa67f8c"
  integrity sha1-32BBeABfUi8V60SQ5yR6G/qmf4w=

playwright-core@1.22.2:
  version "1.22.2"
  resolved "https://registry.yarnpkg.com/playwright-core/-/playwright-core-1.22.2.tgz#ed2963d79d71c2a18d5a6fd25b60b9f0a344661a"
  integrity sha512-w/hc/Ld0RM4pmsNeE6aL/fPNWw8BWit2tg+TfqJ3+p59c6s3B6C8mXvXrIPmfQEobkcFDc+4KirNzOQ+uBSP1Q==

popper.js@1.16.1-lts:
  version "1.16.1-lts"
  resolved "https://registry.yarnpkg.com/popper.js/-/popper.js-1.16.1-lts.tgz#cf6847b807da3799d80ee3d6d2f90df8a3f50b05"
  integrity sha512-Kjw8nKRl1m+VrSFCoVGPph93W/qrSO7ZkqPpTf7F4bk/sqcfWK019dWBUpE/fBOsOQY1dks/Bmcbfn1heM/IsA==

prop-types@^15.6.2, prop-types@^15.7.2:
  version "15.8.1"
  resolved "https://registry.yarnpkg.com/prop-types/-/prop-types-15.8.1.tgz#67d87bf1a694f48435cf332c24af10214a3140b5"
  integrity sha512-oj87CgZICdulUohogVAR7AjlC0327U4el4L6eAvOqCeudMDVU0NThNaV+b9Df4dXgSP1gXMTnPdhfe/2qDH5cg==
  dependencies:
    loose-envify "^1.4.0"
    object-assign "^4.1.1"
    react-is "^16.13.1"

proxy-addr@~2.0.5:
  version "2.0.7"
  resolved "https://registry.yarnpkg.com/proxy-addr/-/proxy-addr-2.0.7.tgz#f19fe69ceab311eeb94b42e70e8c2070f9ba1025"
  integrity sha512-llQsMLSUDUPT44jdrU/O37qlnifitDP+ZwrmmZcoSKyLKvtZxpyV0n2/bD/N4tBAAZ/gJEdZU7KMraoK1+XYAg==
  dependencies:
    forwarded "0.2.0"
    ipaddr.js "1.9.1"

qs@6.7.0:
  version "6.7.0"
  resolved "https://registry.yarnpkg.com/qs/-/qs-6.7.0.tgz#41dc1a015e3d581f1621776be31afb2876a9b1bc"
  integrity sha512-VCdBRNFTX1fyE7Nb6FYoURo/SPe62QCaAyzJvUjwRaIsc+NePBEniHlvxFmmX56+HZphIGtV0XeCirBtpDrTyQ==

range-parser@~1.2.1:
  version "1.2.1"
  resolved "https://registry.yarnpkg.com/range-parser/-/range-parser-1.2.1.tgz#3cf37023d199e1c24d1a55b84800c2f3e6468031"
  integrity sha512-Hrgsx+orqoygnmhFbKaHE6c296J+HTAQXoxEF6gNupROmmGJRoyzfG3ccAveqCBrwr/2yxQ5BVd/GTl5agOwSg==

raw-body@2.4.0:
  version "2.4.0"
  resolved "https://registry.yarnpkg.com/raw-body/-/raw-body-2.4.0.tgz#a1ce6fb9c9bc356ca52e89256ab59059e13d0332"
  integrity sha512-4Oz8DUIwdvoa5qMJelxipzi/iJIi40O5cGV1wNYp5hvZP8ZN0T+jiNkL0QepXs+EsQ9XJ8ipEDoiH70ySUJP3Q==
  dependencies:
    bytes "3.1.0"
    http-errors "1.7.2"
    iconv-lite "0.4.24"
    unpipe "1.0.0"

react-dom@^17.0.2:
  version "17.0.2"
  resolved "https://registry.npmjs.org/react-dom/-/react-dom-17.0.2.tgz"
  integrity sha512-s4h96KtLDUQlsENhMn1ar8t2bEa+q/YAtj8pPPdIjPDGBDIVNsrD9aXNWqspUe6AzKCIG0C1HZZLqLV7qpOBGA==
  dependencies:
    loose-envify "^1.1.0"
    object-assign "^4.1.1"
    scheduler "^0.20.2"

react-is@^16.13.1, react-is@^16.7.0:
  version "16.13.1"
  resolved "https://registry.yarnpkg.com/react-is/-/react-is-16.13.1.tgz#789729a4dc36de2999dc156dd6c1d9c18cea56a4"
  integrity sha512-24e6ynE2H+OKt4kqsOvNd8kBpV65zoxbA4BVsEOB3ARVWQki/DHzaUoC5KuON/BiccDaCCTZBuOcfZs70kR8bQ==

"react-is@^16.8.0 || ^17.0.0":
  version "17.0.2"
  resolved "https://registry.yarnpkg.com/react-is/-/react-is-17.0.2.tgz#e691d4a8e9c789365655539ab372762b0efb54f0"
  integrity sha512-w2GsyukL62IJnlaff/nRegPQR94C/XXamvMWmSHRJ4y7Ts/4ocGRmTHvOs8PSE6pB3dWOrD/nueuU5sduBsQ4w==

react-router-dom@6:
  version "6.3.0"
  resolved "https://registry.yarnpkg.com/react-router-dom/-/react-router-dom-6.3.0.tgz#a0216da813454e521905b5fa55e0e5176123f43d"
  integrity sha512-uaJj7LKytRxZNQV8+RbzJWnJ8K2nPsOOEuX7aQstlMZKQT0164C+X2w6bnkqU3sjtLvpd5ojrezAyfZ1+0sStw==
  dependencies:
    history "^5.2.0"
    react-router "6.3.0"

react-router@6.3.0:
  version "6.3.0"
  resolved "https://registry.yarnpkg.com/react-router/-/react-router-6.3.0.tgz#3970cc64b4cb4eae0c1ea5203a80334fdd175557"
  integrity sha512-7Wh1DzVQ+tlFjkeo+ujvjSqSJmkt1+8JO+T5xklPlgrh70y7ogx75ODRW0ThWhY7S+6yEDks8TYrtQe/aoboBQ==
  dependencies:
    history "^5.2.0"

react-transition-group@^4.4.0:
  version "4.4.2"
  resolved "https://registry.yarnpkg.com/react-transition-group/-/react-transition-group-4.4.2.tgz#8b59a56f09ced7b55cbd53c36768b922890d5470"
  integrity sha512-/RNYfRAMlZwDSr6z4zNKV6xu53/e2BuaBbGhbyYIXTrmgu/bGHzmqOs7mJSJBHy9Ud+ApHx3QjrkKSp1pxvlFg==
  dependencies:
    "@babel/runtime" "^7.5.5"
    dom-helpers "^5.0.1"
    loose-envify "^1.4.0"
    prop-types "^15.6.2"

react@^17.0.2:
  version "17.0.2"
  resolved "https://registry.npmjs.org/react/-/react-17.0.2.tgz"
  integrity sha512-gnhPt75i/dq/z3/6q/0asP78D0u592D5L1pd7M8P+dck6Fu/jJeL6iVVK23fptSUZj8Vjf++7wXA8UNclGQcbA==
  dependencies:
    loose-envify "^1.1.0"
    object-assign "^4.1.1"

redux-saga@^1.1.3:
  version "1.1.3"
  resolved "https://registry.yarnpkg.com/redux-saga/-/redux-saga-1.1.3.tgz#9f3e6aebd3c994bbc0f6901a625f9a42b51d1112"
  integrity sha512-RkSn/z0mwaSa5/xH/hQLo8gNf4tlvT18qXDNvedihLcfzh+jMchDgaariQoehCpgRltEm4zHKJyINEz6aqswTw==
  dependencies:
    "@redux-saga/core" "^1.1.3"

redux@^4.0.4, redux@^4.1.2:
  version "4.1.2"
  resolved "https://registry.yarnpkg.com/redux/-/redux-4.1.2.tgz#140f35426d99bb4729af760afcf79eaaac407104"
  integrity sha512-SH8PglcebESbd/shgf6mii6EIoRM0zrQyjcuQ+ojmfxjTtE0z9Y8pa62iA/OJ58qjP6j27uyW4kUF4jl/jd6sw==
  dependencies:
    "@babel/runtime" "^7.9.2"

regenerator-runtime@^0.13.4:
  version "0.13.9"
  resolved "https://registry.yarnpkg.com/regenerator-runtime/-/regenerator-runtime-0.13.9.tgz#8925742a98ffd90814988d7566ad30ca3b263b52"
  integrity sha512-p3VT+cOEgxFsRRA9X4lkI1E+k2/CtnKtU4gcxyaCUreilL/vqI6CdZ3wxVUx3UOUg+gnUOQQcRI7BmSI656MYA==

safe-buffer@5.1.2:
  version "5.1.2"
  resolved "https://registry.npmjs.org/safe-buffer/-/safe-buffer-5.1.2.tgz"
  integrity sha512-Gd2UZBJDkXlY7GbJxfsE8/nvKkUEU1G38c1siN6QP6a9PT9MmHB8GnpscSmMJSoF8LOIrt8ud/wPtojys4G6+g==

"safer-buffer@>= 2.1.2 < 3":
  version "2.1.2"
  resolved "https://registry.npmjs.org/safer-buffer/-/safer-buffer-2.1.2.tgz"
  integrity sha512-YZo3K82SD7Riyi0E1EQPojLz7kpepnSQI9IyPbHHg1XXXevb5dJI7tpyN2ADxGcQbHG7vcyRHk0cbwqcQriUtg==

scheduler@^0.20.2:
  version "0.20.2"
  resolved "https://registry.npmjs.org/scheduler/-/scheduler-0.20.2.tgz"
  integrity sha512-2eWfGgAqqWFGqtdMmcL5zCMK1U8KlXv8SQFGglL3CEtd0aDVDWgeF/YoCmvln55m5zSk3J/20hTaSBeSObsQDQ==
  dependencies:
    loose-envify "^1.1.0"
    object-assign "^4.1.1"

semver@^7.3.2:
  version "7.3.5"
  resolved "https://registry.npmjs.org/semver/-/semver-7.3.5.tgz"
  integrity sha512-PoeGJYh8HK4BTO/a9Tf6ZG3veo/A7ZVsYrSA6J8ny9nb3B1VrpkuN+z9OE5wfE5p6H4LchYZsegiQgbJD94ZFQ==
  dependencies:
    lru-cache "^6.0.0"

send@0.17.1:
  version "0.17.1"
  resolved "https://registry.yarnpkg.com/send/-/send-0.17.1.tgz#c1d8b059f7900f7466dd4938bdc44e11ddb376c8"
  integrity sha512-BsVKsiGcQMFwT8UxypobUKyv7irCNRHk1T0G680vk88yf6LBByGcZJOTJCrTP2xVN6yI+XjPJcNuE3V4fT9sAg==
  dependencies:
    debug "2.6.9"
    depd "~1.1.2"
    destroy "~1.0.4"
    encodeurl "~1.0.2"
    escape-html "~1.0.3"
    etag "~1.8.1"
    fresh "0.5.2"
    http-errors "~1.7.2"
    mime "1.6.0"
    ms "2.1.1"
    on-finished "~2.3.0"
    range-parser "~1.2.1"
    statuses "~1.5.0"

serve-static@1.14.1:
  version "1.14.1"
  resolved "https://registry.yarnpkg.com/serve-static/-/serve-static-1.14.1.tgz#666e636dc4f010f7ef29970a88a674320898b2f9"
  integrity sha512-JMrvUwE54emCYWlTI+hGrGv5I8dEwmco/00EvkzIIsR7MqrHonbD9pO2MOfFnpFntl7ecpZs+3mW+XbQZu9QCg==
  dependencies:
    encodeurl "~1.0.2"
    escape-html "~1.0.3"
    parseurl "~1.3.3"
    send "0.17.1"

setprototypeof@1.1.1:
  version "1.1.1"
  resolved "https://registry.yarnpkg.com/setprototypeof/-/setprototypeof-1.1.1.tgz#7e95acb24aa92f5885e0abef5ba131330d4ae683"
  integrity sha512-JvdAWfbXeIGaZ9cILp38HntZSFSo3mWg6xGcJJsd+d4aRMOqauag1C63dJfDw7OaMYwEbHMOxEZ1lqVRYP2OAw==

"statuses@>= 1.5.0 < 2", statuses@~1.5.0:
  version "1.5.0"
  resolved "https://registry.yarnpkg.com/statuses/-/statuses-1.5.0.tgz#161c7dac177659fd9811f43771fa99381478628c"
  integrity sha1-Fhx9rBd2Wf2YEfQ3cfqZOBR4Yow=

tiny-warning@^1.0.2:
  version "1.0.3"
  resolved "https://registry.yarnpkg.com/tiny-warning/-/tiny-warning-1.0.3.tgz#94a30db453df4c643d0fd566060d60a875d84754"
  integrity sha512-lBN9zLN/oAf68o3zNXYrdCt1kP8WsiGW8Oo2ka41b2IM5JL/S1CTyX1rW0mb/zSuJun0ZUrDxx4sqvYS2FWzPA==

toidentifier@1.0.0:
  version "1.0.0"
  resolved "https://registry.yarnpkg.com/toidentifier/-/toidentifier-1.0.0.tgz#7e1be3470f1e77948bc43d94a3c8f4d7752ba553"
  integrity sha512-yaOH/Pk/VEhBWWTlhI+qXxDFXlejDGcQipMlyxda9nthulaxLZUNcUqFxokp0vcYnvteJln5FNQDRrxj3YcbVw==

tr46@~0.0.3:
  version "0.0.3"
  resolved "https://registry.yarnpkg.com/tr46/-/tr46-0.0.3.tgz#8184fd347dac9cdc185992f3a6622e14b9d9ab6a"
  integrity sha1-gYT9NH2snNwYWZLzpmIuFLnZq2o=

tslib@2.1.0:
  version "2.1.0"
  resolved "https://registry.yarnpkg.com/tslib/-/tslib-2.1.0.tgz#da60860f1c2ecaa5703ab7d39bc05b6bf988b97a"
  integrity sha512-hcVC3wYEziELGGmEEXue7D75zbwIIVUMWAVbHItGPx0ziyXxrOMQx4rQEVEV45Ut/1IotuEvwqPopzIOkDMf0A==

type-is@~1.6.17, type-is@~1.6.18:
  version "1.6.18"
  resolved "https://registry.yarnpkg.com/type-is/-/type-is-1.6.18.tgz#4e552cd05df09467dcbc4ef739de89f2cf37c131"
  integrity sha512-TkRKr9sUTxEH8MdfuCSP7VizJyzRNMjj2J2do2Jr3Kym598JVdEksuzPQCnlFPW4ky9Q+iA+ma9BGm06XQBy8g==
  dependencies:
    media-typer "0.3.0"
    mime-types "~2.1.24"

typescript-compare@^0.0.2:
  version "0.0.2"
  resolved "https://registry.yarnpkg.com/typescript-compare/-/typescript-compare-0.0.2.tgz#7ee40a400a406c2ea0a7e551efd3309021d5f425"
  integrity sha512-8ja4j7pMHkfLJQO2/8tut7ub+J3Lw2S3061eJLFQcvs3tsmJKp8KG5NtpLn7KcY2w08edF74BSVN7qJS0U6oHA==
  dependencies:
    typescript-logic "^0.0.0"

typescript-logic@^0.0.0:
  version "0.0.0"
  resolved "https://registry.yarnpkg.com/typescript-logic/-/typescript-logic-0.0.0.tgz#66ebd82a2548f2b444a43667bec120b496890196"
  integrity sha512-zXFars5LUkI3zP492ls0VskH3TtdeHCqu0i7/duGt60i5IGPIpAHE/DWo5FqJ6EjQ15YKXrt+AETjv60Dat34Q==

typescript-tuple@^2.2.1:
  version "2.2.1"
  resolved "https://registry.yarnpkg.com/typescript-tuple/-/typescript-tuple-2.2.1.tgz#7d9813fb4b355f69ac55032e0363e8bb0f04dad2"
  integrity sha512-Zcr0lbt8z5ZdEzERHAMAniTiIKerFCMgd7yjq1fPnDJ43et/k9twIFQMUYff9k5oXcsQ0WpvFcgzK2ZKASoW6Q==
  dependencies:
    typescript-compare "^0.0.2"

typescript@4.4.3:
  version "4.4.3"
  resolved "https://registry.npmjs.org/typescript/-/typescript-4.4.3.tgz"
  integrity sha512-4xfscpisVgqqDfPaJo5vkd+Qd/ItkoagnHpufr+i2QCHBsNYp+G7UAoyFl8aPtx879u38wPV65rZ8qbGZijalA==

unpipe@1.0.0, unpipe@~1.0.0:
  version "1.0.0"
  resolved "https://registry.yarnpkg.com/unpipe/-/unpipe-1.0.0.tgz#b2bf4ee8514aae6165b4817829d21b2ef49904ec"
  integrity sha1-sr9O6FFKrmFltIF4KdIbLvSZBOw=

utils-merge@1.0.1:
  version "1.0.1"
  resolved "https://registry.yarnpkg.com/utils-merge/-/utils-merge-1.0.1.tgz#9f95710f50a267947b2ccc124741c1028427e713"
  integrity sha1-n5VxD1CiZ5R7LMwSR0HBAoQn5xM=

vary@~1.1.2:
  version "1.1.2"
  resolved "https://registry.yarnpkg.com/vary/-/vary-1.1.2.tgz#2299f02c6ded30d4a5961b0b9f74524a18f634fc"
  integrity sha1-IpnwLG3tMNSllhsLn3RSShj2NPw=

webidl-conversions@^3.0.0:
  version "3.0.1"
  resolved "https://registry.yarnpkg.com/webidl-conversions/-/webidl-conversions-3.0.1.tgz#24534275e2a7bc6be7bc86611cc16ae0a5654871"
  integrity sha1-JFNCdeKnvGvnvIZhHMFq4KVlSHE=

whatwg-fetch@^3.4.1:
  version "3.6.2"
  resolved "https://registry.yarnpkg.com/whatwg-fetch/-/whatwg-fetch-3.6.2.tgz#dced24f37f2624ed0281725d51d0e2e3fe677f8c"
  integrity sha512-bJlen0FcuU/0EMLrdbJ7zOnW6ITZLrZMIarMUVmdKtsGvZna8vxKYaexICWPfZ8qwf9fzNq+UEIZrnSaApt6RA==

whatwg-url@^5.0.0:
  version "5.0.0"
  resolved "https://registry.yarnpkg.com/whatwg-url/-/whatwg-url-5.0.0.tgz#966454e8765462e37644d3626f6742ce8b70965d"
  integrity sha1-lmRU6HZUYuN2RNNib2dCzotwll0=
  dependencies:
    tr46 "~0.0.3"
    webidl-conversions "^3.0.0"

yallist@^4.0.0:
  version "4.0.0"
  resolved "https://registry.npmjs.org/yallist/-/yallist-4.0.0.tgz"
  integrity sha512-3wdGidZyq5PB084XLES5TpOSRA3wjXAlIWMhum2kRcv/41Sn2emQ0dycQW4uZXLejwKvg6EsvbdlVL+FYEct7A==

yocto-queue@^0.1.0:
  version "0.1.0"
  resolved "https://registry.yarnpkg.com/yocto-queue/-/yocto-queue-0.1.0.tgz#0294eb3dee05028d31ee1a5fa2c556a6aaf10a1b"
  integrity sha512-rVksvsnNCdJ/ohGc6xgPwyN8eheCxsiLM8mxuE/t/mOVqJewPuO1miLpTHQiRgTKCLexL4MeAFVagts7HmNZ2Q==
